
Microsoft Visual Studio Solution File, Format Version 12.00
# Visual Studio Version 16
VisualStudioVersion = 16.0.28729.10
MinimumVisualStudioVersion = 10.0.40219.1
Project("{8BC9CEB8-8B4A-11D0-8D11-00A0C91BC942}") = "Turkishcup", "Turkishcup\Turkishcup.vcxproj", "{FD1E948E-E716-454B-9F04-53691D981923}"
EndProject
Global
	GlobalSection(SolutionConfigurationPlatforms) = preSolution
		Debug|x64 = Debug|x64
		Debug|x86 = Debug|x86
		Release|x64 = Release|x64
		Release|x86 = Release|x86
	EndGlobalSection
	GlobalSection(ProjectConfigurationPlatforms) = postSolution
		{FD1E948E-E716-454B-9F04-53691D981923}.Debug|x64.ActiveCfg = Debug|x64
		{FD1E948E-E716-454B-9F04-53691D981923}.Debug|x64.Build.0 = Debug|x64
		{FD1E948E-E716-454B-9F04-53691D981923}.Debug|x86.ActiveCfg = Debug|Win32
		{FD1E948E-E716-454B-9F04-53691D981923}.Debug|x86.Build.0 = Debug|Win32
		{FD1E948E-E716-454B-9F04-53691D981923}.Release|x64.ActiveCfg = Release|x64
		{FD1E948E-E716-454B-9F04-53691D981923}.Release|x64.Build.0 = Release|x64
		{FD1E948E-E716-454B-9F04-53691D981923}.Release|x86.ActiveCfg = Release|Win32
		{FD1E948E-E716-454B-9F04-53691D981923}.Release|x86.Build.0 = Release|Win32
	EndGlobalSection
	GlobalSection(SolutionProperties) = preSolution
		HideSolutionNode = FALSE
	EndGlobalSection
	GlobalSection(ExtensibilityGlobals) = postSolution
		SolutionGuid = {464B0D05-1676-4407-A9C5-1630656B5EE0}
	EndGlobalSection
EndGlobal
